
Microsoft Visual Studio Solution File, Format Version 12.00
# Visual Studio Version 17
VisualStudioVersion = 17.8.34330.188
MinimumVisualStudioVersion = 10.0.40219.1
Project("{9A19103F-16F7-4668-BE54-9A1E7A4F7556}") = "ByteBattles.Core", "ByteBattles.Core\ByteBattles.Core.csproj", "{17F39A11-E17E-43ED-A440-783BFCF85754}"
EndProject
Project("{9A19103F-16F7-4668-BE54-9A1E7A4F7556}") = "ByteBattles.DataAccess", "ByteBattles.DataAccess\ByteBattles.DataAccess.csproj", "{335D4F75-A598-4617-A2ED-D990DA40C35E}"
EndProject
Project("{9A19103F-16F7-4668-BE54-9A1E7A4F7556}") = "ByteBattles.API", "ByteBattles.API\ByteBattles.API.csproj", "{5975D9A6-07B2-4116-BBD9-07C45C53DA2E}"
EndProject
Project("{9A19103F-16F7-4668-BE54-9A1E7A4F7556}") = "ByteBattles.Application", "ByteBattles.Application\ByteBattles.Application.csproj", "{DED1EECB-CB08-482E-B6E1-44D09718DC6A}"
EndProject
Project("{FAE04EC0-301F-11D3-BF4B-00C04F79EFBC}") = "ByteBattlesAPI.Infrastructure", "ByteBattlesAPI.Infrastructure\ByteBattlesAPI.Infrastructure.csproj", "{E93A9A5E-EDA4-4D59-98E1-E9EB51AC5BD2}"
EndProject
Global
	GlobalSection(SolutionConfigurationPlatforms) = preSolution
		Debug|Any CPU = Debug|Any CPU
		Release|Any CPU = Release|Any CPU
	EndGlobalSection
	GlobalSection(ProjectConfigurationPlatforms) = postSolution
		{17F39A11-E17E-43ED-A440-783BFCF85754}.Debug|Any CPU.ActiveCfg = Debug|Any CPU
		{17F39A11-E17E-43ED-A440-783BFCF85754}.Debug|Any CPU.Build.0 = Debug|Any CPU
		{17F39A11-E17E-43ED-A440-783BFCF85754}.Release|Any CPU.ActiveCfg = Release|Any CPU
		{17F39A11-E17E-43ED-A440-783BFCF85754}.Release|Any CPU.Build.0 = Release|Any CPU
		{335D4F75-A598-4617-A2ED-D990DA40C35E}.Debug|Any CPU.ActiveCfg = Debug|Any CPU
		{335D4F75-A598-4617-A2ED-D990DA40C35E}.Debug|Any CPU.Build.0 = Debug|Any CPU
		{335D4F75-A598-4617-A2ED-D990DA40C35E}.Release|Any CPU.ActiveCfg = Release|Any CPU
		{335D4F75-A598-4617-A2ED-D990DA40C35E}.Release|Any CPU.Build.0 = Release|Any CPU
		{5975D9A6-07B2-4116-BBD9-07C45C53DA2E}.Debug|Any CPU.ActiveCfg = Debug|Any CPU
		{5975D9A6-07B2-4116-BBD9-07C45C53DA2E}.Debug|Any CPU.Build.0 = Debug|Any CPU
		{5975D9A6-07B2-4116-BBD9-07C45C53DA2E}.Release|Any CPU.ActiveCfg = Release|Any CPU
		{5975D9A6-07B2-4116-BBD9-07C45C53DA2E}.Release|Any CPU.Build.0 = Release|Any CPU
		{DED1EECB-CB08-482E-B6E1-44D09718DC6A}.Debug|Any CPU.ActiveCfg = Debug|Any CPU
		{DED1EECB-CB08-482E-B6E1-44D09718DC6A}.Debug|Any CPU.Build.0 = Debug|Any CPU
		{DED1EECB-CB08-482E-B6E1-44D09718DC6A}.Release|Any CPU.ActiveCfg = Release|Any CPU
		{DED1EECB-CB08-482E-B6E1-44D09718DC6A}.Release|Any CPU.Build.0 = Release|Any CPU
		{E93A9A5E-EDA4-4D59-98E1-E9EB51AC5BD2}.Debug|Any CPU.ActiveCfg = Debug|Any CPU
		{E93A9A5E-EDA4-4D59-98E1-E9EB51AC5BD2}.Debug|Any CPU.Build.0 = Debug|Any CPU
		{E93A9A5E-EDA4-4D59-98E1-E9EB51AC5BD2}.Release|Any CPU.ActiveCfg = Release|Any CPU
		{E93A9A5E-EDA4-4D59-98E1-E9EB51AC5BD2}.Release|Any CPU.Build.0 = Release|Any CPU
	EndGlobalSection
	GlobalSection(SolutionProperties) = preSolution
		HideSolutionNode = FALSE
	EndGlobalSection
	GlobalSection(ExtensibilityGlobals) = postSolution
		SolutionGuid = {B0BBC31E-111C-4221-AAB1-B454BD441A92}
	EndGlobalSection
EndGlobal
